
Microsoft Visual Studio Solution File, Format Version 12.00
# Visual Studio 15
VisualStudioVersion = 15.0.26124.0
MinimumVisualStudioVersion = 15.0.26124.0
Project("{2150E333-8FDC-42A3-9474-1A3956D46DE8}") = "src", "src", "{F4849F04-E968-47A3-A5C2-B2F91EE2D449}"
EndProject
Project("{FAE04EC0-301F-11D3-BF4B-00C04F79EFBC}") = "GradeBook", "src\GradeBook\GradeBook.csproj", "{8990639F-751C-47B8-87E3-CE12B2074FCC}"
EndProject
Project("{2150E333-8FDC-42A3-9474-1A3956D46DE8}") = "tests", "tests", "{24DDC7FC-7AB2-4AEF-A621-7336E55BDFA0}"
EndProject
Project("{FAE04EC0-301F-11D3-BF4B-00C04F79EFBC}") = "GradeBook.Tests", "tests\GradeBook.Tests\GradeBook.Tests.csproj", "{4E80ACA3-6F5E-4F66-9530-F0358DDC83FD}"
EndProject
Global
	GlobalSection(SolutionConfigurationPlatforms) = preSolution
		Debug|Any CPU = Debug|Any CPU
		Debug|x64 = Debug|x64
		Debug|x86 = Debug|x86
		Release|Any CPU = Release|Any CPU
		Release|x64 = Release|x64
		Release|x86 = Release|x86
	EndGlobalSection
	GlobalSection(SolutionProperties) = preSolution
		HideSolutionNode = FALSE
	EndGlobalSection
	GlobalSection(ProjectConfigurationPlatforms) = postSolution
		{8990639F-751C-47B8-87E3-CE12B2074FCC}.Debug|Any CPU.ActiveCfg = Debug|Any CPU
		{8990639F-751C-47B8-87E3-CE12B2074FCC}.Debug|Any CPU.Build.0 = Debug|Any CPU
		{8990639F-751C-47B8-87E3-CE12B2074FCC}.Debug|x64.ActiveCfg = Debug|Any CPU
		{8990639F-751C-47B8-87E3-CE12B2074FCC}.Debug|x64.Build.0 = Debug|Any CPU
		{8990639F-751C-47B8-87E3-CE12B2074FCC}.Debug|x86.ActiveCfg = Debug|Any CPU
		{8990639F-751C-47B8-87E3-CE12B2074FCC}.Debug|x86.Build.0 = Debug|Any CPU
		{8990639F-751C-47B8-87E3-CE12B2074FCC}.Release|Any CPU.ActiveCfg = Release|Any CPU
		{8990639F-751C-47B8-87E3-CE12B2074FCC}.Release|Any CPU.Build.0 = Release|Any CPU
		{8990639F-751C-47B8-87E3-CE12B2074FCC}.Release|x64.ActiveCfg = Release|Any CPU
		{8990639F-751C-47B8-87E3-CE12B2074FCC}.Release|x64.Build.0 = Release|Any CPU
		{8990639F-751C-47B8-87E3-CE12B2074FCC}.Release|x86.ActiveCfg = Release|Any CPU
		{8990639F-751C-47B8-87E3-CE12B2074FCC}.Release|x86.Build.0 = Release|Any CPU
		{4E80ACA3-6F5E-4F66-9530-F0358DDC83FD}.Debug|Any CPU.ActiveCfg = Debug|Any CPU
		{4E80ACA3-6F5E-4F66-9530-F0358DDC83FD}.Debug|Any CPU.Build.0 = Debug|Any CPU
		{4E80ACA3-6F5E-4F66-9530-F0358DDC83FD}.Debug|x64.ActiveCfg = Debug|Any CPU
		{4E80ACA3-6F5E-4F66-9530-F0358DDC83FD}.Debug|x64.Build.0 = Debug|Any CPU
		{4E80ACA3-6F5E-4F66-9530-F0358DDC83FD}.Debug|x86.ActiveCfg = Debug|Any CPU
		{4E80ACA3-6F5E-4F66-9530-F0358DDC83FD}.Debug|x86.Build.0 = Debug|Any CPU
		{4E80ACA3-6F5E-4F66-9530-F0358DDC83FD}.Release|Any CPU.ActiveCfg = Release|Any CPU
		{4E80ACA3-6F5E-4F66-9530-F0358DDC83FD}.Release|Any CPU.Build.0 = Release|Any CPU
		{4E80ACA3-6F5E-4F66-9530-F0358DDC83FD}.Release|x64.ActiveCfg = Release|Any CPU
		{4E80ACA3-6F5E-4F66-9530-F0358DDC83FD}.Release|x64.Build.0 = Release|Any CPU
		{4E80ACA3-6F5E-4F66-9530-F0358DDC83FD}.Release|x86.ActiveCfg = Release|Any CPU
		{4E80ACA3-6F5E-4F66-9530-F0358DDC83FD}.Release|x86.Build.0 = Release|Any CPU
	EndGlobalSection
	GlobalSection(NestedProjects) = preSolution
		{8990639F-751C-47B8-87E3-CE12B2074FCC} = {F4849F04-E968-47A3-A5C2-B2F91EE2D449}
		{4E80ACA3-6F5E-4F66-9530-F0358DDC83FD} = {24DDC7FC-7AB2-4AEF-A621-7336E55BDFA0}
	EndGlobalSection
EndGlobal
